
Microsoft Visual Studio Solution File, Format Version 12.00
# Visual Studio 2013
VisualStudioVersion = 12.0.21005.1
MinimumVisualStudioVersion = 10.0.40219.1
Project("{FAE04EC0-301F-11D3-BF4B-00C04F79EFBC}") = "Hermes", "TestWebApp\Hermes.csproj", "{C9ABA820-D222-40A5-8663-5DB529C71BFC}"
EndProject
Global
	GlobalSection(SolutionConfigurationPlatforms) = preSolution
		Debug|Any CPU = Debug|Any CPU
		Release|Any CPU = Release|Any CPU
	EndGlobalSection
	GlobalSection(ProjectConfigurationPlatforms) = postSolution
		{C9ABA820-D222-40A5-8663-5DB529C71BFC}.Debug|Any CPU.ActiveCfg = Debug|Any CPU
		{C9ABA820-D222-40A5-8663-5DB529C71BFC}.Debug|Any CPU.Build.0 = Debug|Any CPU
		{C9ABA820-D222-40A5-8663-5DB529C71BFC}.Release|Any CPU.ActiveCfg = Release|Any CPU
		{C9ABA820-D222-40A5-8663-5DB529C71BFC}.Release|Any CPU.Build.0 = Release|Any CPU
	EndGlobalSection
	GlobalSection(SolutionProperties) = preSolution
		HideSolutionNode = FALSE
	EndGlobalSection
EndGlobal
